// !$*UTF8*$!
{
	archiveVersion = 1;
	classes = {
	};
	objectVersion = 48;
	objects = {

/* Begin PBXBuildFile section */
		3299FBF723A8BAF600BB3F13 /* AppDelegate.swift in Sources */ = {isa = PBXBuildFile; fileRef = 3299FBF623A8BAF600BB3F13 /* AppDelegate.swift */; };
		3299FBF923A8BAF600BB3F13 /* ViewController.swift in Sources */ = {isa = PBXBuildFile; fileRef = 3299FBF823A8BAF600BB3F13 /* ViewController.swift */; };
		3299FBFC23A8BAF600BB3F13 /* Main.storyboard in Resources */ = {isa = PBXBuildFile; fileRef = 3299FBFA23A8BAF600BB3F13 /* Main.storyboard */; };
		3299FBFF23A8BAF600BB3F13 /* TodoWithCoreData.xcdatamodeld in Sources */ = {isa = PBXBuildFile; fileRef = 3299FBFD23A8BAF600BB3F13 /* TodoWithCoreData.xcdatamodeld */; };
		3299FC0123A8BAF600BB3F13 /* Assets.xcassets in Resources */ = {isa = PBXBuildFile; fileRef = 3299FC0023A8BAF600BB3F13 /* Assets.xcassets */; };
		3299FC0423A8BAF600BB3F13 /* LaunchScreen.storyboard in Resources */ = {isa = PBXBuildFile; fileRef = 3299FC0223A8BAF600BB3F13 /* LaunchScreen.storyboard */; };
/* End PBXBuildFile section */

/* Begin PBXFileReference section */
		3299FBF323A8BAF600BB3F13 /* TodoWithCoreData.app */ = {isa = PBXFileReference; explicitFileType = wrapper.application; includeInIndex = 0; path = TodoWithCoreData.app; sourceTree = BUILT_PRODUCTS_DIR; };
		3299FBF623A8BAF600BB3F13 /* AppDelegate.swift */ = {isa = PBXFileReference; lastKnownFileType = sourcecode.swift; path = AppDelegate.swift; sourceTree = "<group>"; };
		3299FBF823A8BAF600BB3F13 /* ViewController.swift */ = {isa = PBXFileReference; lastKnownFileType = sourcecode.swift; path = ViewController.swift; sourceTree = "<group>"; };
		3299FBFB23A8BAF600BB3F13 /* Base */ = {isa = PBXFileReference; lastKnownFileType = file.storyboard; name = Base; path = Base.lproj/Main.storyboard; sourceTree = "<group>"; };
		3299FBFE23A8BAF600BB3F13 /* TodoWithCoreData.xcdatamodel */ = {isa = PBXFileReference; lastKnownFileType = wrapper.xcdatamodel; path = TodoWithCoreData.xcdatamodel; sourceTree = "<group>"; };
		3299FC0023A8BAF600BB3F13 /* Assets.xcassets */ = {isa = PBXFileReference; lastKnownFileType = folder.assetcatalog; path = Assets.xcassets; sourceTree = "<group>"; };
		3299FC0323A8BAF600BB3F13 /* Base */ = {isa = PBXFileReference; lastKnownFileType = file.storyboard; name = Base; path = Base.lproj/LaunchScreen.storyboard; sourceTree = "<group>"; };
		3299FC0523A8BAF700BB3F13 /* Info.plist */ = {isa = PBXFileReference; lastKnownFileType = text.plist.xml; path = Info.plist; sourceTree = "<group>"; };
/* End PBXFileReference section */

/* Begin PBXFrameworksBuildPhase section */
		3299FBF023A8BAF600BB3F13 /* Frameworks */ = {
			isa = PBXFrameworksBuildPhase;
			buildActionMask = 2147483647;
			files = (
			);
			runOnlyForDeploymentPostprocessing = 0;
		};
/* End PBXFrameworksBuildPhase section */

/* Begin PBXGroup section */
		3299FBEA23A8BAF500BB3F13 = {
			isa = PBXGroup;
			children = (
				3299FBF523A8BAF600BB3F13 /* TodoWithCoreData */,
				3299FBF423A8BAF600BB3F13 /* Products */,
			);
			sourceTree = "<group>";
		};
		3299FBF423A8BAF600BB3F13 /* Products */ = {
			isa = PBXGroup;
			children = (
				3299FBF323A8BAF600BB3F13 /* TodoWithCoreData.app */,
			);
			name = Products;
			sourceTree = "<group>";
		};
		3299FBF523A8BAF600BB3F13 /* TodoWithCoreData */ = {
			isa = PBXGroup;
			children = (
				3299FBF623A8BAF600BB3F13 /* AppDelegate.swift */,
				3299FBF823A8BAF600BB3F13 /* ViewController.swift */,
				3299FBFA23A8BAF600BB3F13 /* Main.storyboard */,
				3299FC0023A8BAF600BB3F13 /* Assets.xcassets */,
				3299FC0223A8BAF600BB3F13 /* LaunchScreen.storyboard */,
				3299FC0523A8BAF700BB3F13 /* Info.plist */,
				3299FBFD23A8BAF600BB3F13 /* TodoWithCoreData.xcdatamodeld */,
			);
			path = TodoWithCoreData;
			sourceTree = "<group>";
		};
/* End PBXGroup section */

/* Begin PBXNativeTarget section */
		3299FBF223A8BAF600BB3F13 /* TodoWithCoreData */ = {
			isa = PBXNativeTarget;
			buildConfigurationList = 3299FC0823A8BAF700BB3F13 /* Build configuration list for PBXNativeTarget "TodoWithCoreData" */;
			buildPhases = (
				3299FBEF23A8BAF600BB3F13 /* Sources */,
				3299FBF023A8BAF600BB3F13 /* Frameworks */,
				3299FBF123A8BAF600BB3F13 /* Resources */,
			);
			buildRules = (
			);
			dependencies = (
			);
			name = TodoWithCoreData;
			productName = TodoWithCoreData;
			productReference = 3299FBF323A8BAF600BB3F13 /* TodoWithCoreData.app */;
			productType = "com.apple.product-type.application";
		};
/* End PBXNativeTarget section */

/* Begin PBXProject section */
		3299FBEB23A8BAF500BB3F13 /* Project object */ = {
			isa = PBXProject;
			attributes = {
				LastSwiftUpdateCheck = 0920;
				LastUpgradeCheck = 0920;
				ORGANIZATIONNAME = mennamostafa;
				TargetAttributes = {
					3299FBF223A8BAF600BB3F13 = {
						CreatedOnToolsVersion = 9.2;
						ProvisioningStyle = Automatic;
					};
				};
			};
			buildConfigurationList = 3299FBEE23A8BAF500BB3F13 /* Build configuration list for PBXProject "TodoWithCoreData" */;
			compatibilityVersion = "Xcode 8.0";
			developmentRegion = en;
			hasScannedForEncodings = 0;
			knownRegions = (
				en,
				Base,
			);
			mainGroup = 3299FBEA23A8BAF500BB3F13;
			productRefGroup = 3299FBF423A8BAF600BB3F13 /* Products */;
			projectDirPath = "";
			projectRoot = "";
			targets = (
				3299FBF223A8BAF600BB3F13 /* TodoWithCoreData */,
			);
		};
/* End PBXProject section */

/* Begin PBXResourcesBuildPhase section */
		3299FBF123A8BAF600BB3F13 /* Resources */ = {
			isa = PBXResourcesBuildPhase;
			buildActionMask = 2147483647;
			files = (
				3299FC0423A8BAF600BB3F13 /* LaunchScreen.storyboard in Resources */,
				3299FC0123A8BAF600BB3F13 /* Assets.xcassets in Resources */,
				3299FBFC23A8BAF600BB3F13 /* Main.storyboard in Resources */,
			);
			runOnlyForDeploymentPostprocessing = 0;
		};
/* End PBXResourcesBuildPhase section */

/* Begin PBXSourcesBuildPhase section */
		3299FBEF23A8BAF600BB3F13 /* Sources */ = {
			isa = PBXSourcesBuildPhase;
			buildActionMask = 2147483647;
			files = (
				3299FBFF23A8BAF600BB3F13 /* TodoWithCoreData.xcdatamodeld in Sources */,
				3299FBF923A8BAF600BB3F13 /* ViewController.swift in Sources */,
				3299FBF723A8BAF600BB3F13 /* AppDelegate.swift in Sources */,
			);
			runOnlyForDeploymentPostprocessing = 0;
		};
/* End PBXSourcesBuildPhase section */

/* Begin PBXVariantGroup section */
		3299FBFA23A8BAF600BB3F13 /* Main.storyboard */ = {
			isa = PBXVariantGroup;
			children = (
				3299FBFB23A8BAF600BB3F13 /* Base */,
			);
			name = Main.storyboard;
			sourceTree = "<group>";
		};
		3299FC0223A8BAF600BB3F13 /* LaunchScreen.storyboard */ = {
			isa = PBXVariantGroup;
			children = (
				3299FC0323A8BAF600BB3F13 /* Base */,
			);
			name = LaunchScreen.storyboard;
			sourceTree = "<group>";
		};
/* End PBXVariantGroup section */

/* Begin XCBuildConfiguration section */
		3299FC0623A8BAF700BB3F13 /* Debug */ = {
			isa = XCBuildConfiguration;
			buildSettings = {
				ALWAYS_SEARCH_USER_PATHS = NO;
				CLANG_ANALYZER_NONNULL = YES;
				CLANG_ANALYZER_NUMBER_OBJECT_CONVERSION = YES_AGGRESSIVE;
				CLANG_CXX_LANGUAGE_STANDARD = "gnu++14";
				CLANG_CXX_LIBRARY = "libc++";
				CLANG_ENABLE_MODULES = YES;
				CLANG_ENABLE_OBJC_ARC = YES;
				CLANG_WARN_BLOCK_CAPTURE_AUTORELEASING = YES;
				CLANG_WARN_BOOL_CONVERSION = YES;
				CLANG_WARN_COMMA = YES;
				CLANG_WARN_CONSTANT_CONVERSION = YES;
				CLANG_WARN_DIRECT_OBJC_ISA_USAGE = YES_ERROR;
				CLANG_WARN_DOCUMENTATION_COMMENTS = YES;
				CLANG_WARN_EMPTY_BODY = YES;
				CLANG_WARN_ENUM_CONVERSION = YES;
				CLANG_WARN_INFINITE_RECURSION = YES;
				CLANG_WARN_INT_CONVERSION = YES;
				CLANG_WARN_NON_LITERAL_NULL_CONVERSION = YES;
				CLANG_WARN_OBJC_LITERAL_CONVERSION = YES;
				CLANG_WARN_OBJC_ROOT_CLASS = YES_ERROR;
				CLANG_WARN_RANGE_LOOP_ANALYSIS = YES;
				CLANG_WARN_STRICT_PROTOTYPES = YES;
				CLANG_WARN_SUSPICIOUS_MOVE = YES;
				CLANG_WARN_UNGUARDED_AVAILABILITY = YES_AGGRESSIVE;
				CLANG_WARN_UNREACHABLE_CODE = YES;
				CLANG_WARN__DUPLICATE_METHOD_MATCH = YES;
				CODE_SIGN_IDENTITY = "iPhone Developer";
				COPY_PHASE_STRIP = NO;
				DEBUG_INFORMATION_FORMAT = dwarf;
				ENABLE_STRICT_OBJC_MSGSEND = YES;
				ENABLE_TESTABILITY = YES;
				GCC_C_LANGUAGE_STANDARD = gnu11;
				GCC_DYNAMIC_NO_PIC = NO;
				GCC_NO_COMMON_BLOCKS = YES;
				GCC_OPTIMIZATION_LEVEL = 0;
				GCC_PREPROCESSOR_DEFINITIONS = (
					"DEBUG=1",
					"$(inherited)",
				);
				GCC_WARN_64_TO_32_BIT_CONVERSION = YES;
				GCC_WARN_ABOUT_RETURN_TYPE = YES_ERROR;
				GCC_WARN_UNDECLARED_SELECTOR = YES;
				GCC_WARN_UNINITIALIZED_AUTOS = YES_AGGRESSIVE;
				GCC_WARN_UNUSED_FUNCTION = YES;
				GCC_WARN_UNUSED_VARIABLE = YES;
				IPHONEOS_DEPLOYMENT_TARGET = 11.2;
				MTL_ENABLE_DEBUG_INFO = YES;
				ONLY_ACTIVE_ARCH = YES;
				SDKROOT = iphoneos;
				SWIFT_ACTIVE_COMPILATION_CONDITIONS = DEBUG;
				SWIFT_OPTIMIZATION_LEVEL = "-Onone";
			};
			name = Debug;
		};
		3299FC0723A8BAF700BB3F13 /* Release */ = {
			isa = XCBuildConfiguration;
			buildSettings = {
				ALWAYS_SEARCH_USER_PATHS = NO;
				CLANG_ANALYZER_NONNULL = YES;
				CLANG_ANALYZER_NUMBER_OBJECT_CONVERSION = YES_AGGRESSIVE;
				CLANG_CXX_LANGUAGE_STANDARD = "gnu++14";
				CLANG_CXX_LIBRARY = "libc++";
				CLANG_ENABLE_MODULES = YES;
				CLANG_ENABLE_OBJC_ARC = YES;
				CLANG_WARN_BLOCK_CAPTURE_AUTORELEASING = YES;
				CLANG_WARN_BOOL_CONVERSION = YES;
				CLANG_WARN_COMMA = YES;
				CLANG_WARN_CONSTANT_CONVERSION = YES;
				CLANG_WARN_DIRECT_OBJC_ISA_USAGE = YES_ERROR;
				CLANG_WARN_DOCUMENTATION_COMMENTS = YES;
				CLANG_WARN_EMPTY_BODY = YES;
				CLANG_WARN_ENUM_CONVERSION = YES;
				CLANG_WARN_INFINITE_RECURSION = YES;
				CLANG_WARN_INT_CONVERSION = YES;
				CLANG_WARN_NON_LITERAL_NULL_CONVERSION = YES;
				CLANG_WARN_OBJC_LITERAL_CONVERSION = YES;
				CLANG_WARN_OBJC_ROOT_CLASS = YES_ERROR;
				CLANG_WARN_RANGE_LOOP_ANALYSIS = YES;
				CLANG_WARN_STRICT_PROTOTYPES = YES;
				CLANG_WARN_SUSPICIOUS_MOVE = YES;
				CLANG_WARN_UNGUARDED_AVAILABILITY = YES_AGGRESSIVE;
				CLANG_WARN_UNREACHABLE_CODE = YES;
				CLANG_WARN__DUPLICATE_METHOD_MATCH = YES;
				CODE_SIGN_IDENTITY = "iPhone Developer";
				COPY_PHASE_STRIP = NO;
				DEBUG_INFORMATION_FORMAT = "dwarf-with-dsym";
				ENABLE_NS_ASSERTIONS = NO;
				ENABLE_STRICT_OBJC_MSGSEND = YES;
				GCC_C_LANGUAGE_STANDARD = gnu11;
				GCC_NO_COMMON_BLOCKS = YES;
				GCC_WARN_64_TO_32_BIT_CONVERSION = YES;
				GCC_WARN_ABOUT_RETURN_TYPE = YES_ERROR;
				GCC_WARN_UNDECLARED_SELECTOR = YES;
				GCC_WARN_UNINITIALIZED_AUTOS = YES_AGGRESSIVE;
				GCC_WARN_UNUSED_FUNCTION = YES;
				GCC_WARN_UNUSED_VARIABLE = YES;
				IPHONEOS_DEPLOYMENT_TARGET = 11.2;
				MTL_ENABLE_DEBUG_INFO = NO;
				SDKROOT = iphoneos;
				SWIFT_OPTIMIZATION_LEVEL = "-Owholemodule";
				VALIDATE_PRODUCT = YES;
			};
			name = Release;
		};
		3299FC0923A8BAF700BB3F13 /* Debug */ = {
			isa = XCBuildConfiguration;
			buildSettings = {
				ASSETCATALOG_COMPILER_APPICON_NAME = AppIcon;
				CODE_SIGN_STYLE = Automatic;
				DEVELOPMENT_TEAM = 6P3ZB4XNFC;
				INFOPLIST_FILE = TodoWithCoreData/Info.plist;
				LD_RUNPATH_SEARCH_PATHS = "$(inherited) @executable_path/Frameworks";
				PRODUCT_BUNDLE_IDENTIFIER = menna.TodoWithCoreData;
				PRODUCT_NAME = "$(TARGET_NAME)";
				SWIFT_VERSION = 4.0;
				TARGETED_DEVICE_FAMILY = "1,2";
			};
			name = Debug;
		};
		3299FC0A23A8BAF700BB3F13 /* Release */ = {
			isa = XCBuildConfiguration;
			buildSettings = {
				ASSETCATALOG_COMPILER_APPICON_NAME = AppIcon;
				CODE_SIGN_STYLE = Automatic;
				DEVELOPMENT_TEAM = 6P3ZB4XNFC;
				INFOPLIST_FILE = TodoWithCoreData/Info.plist;
				LD_RUNPATH_SEARCH_PATHS = "$(inherited) @executable_path/Frameworks";
				PRODUCT_BUNDLE_IDENTIFIER = menna.TodoWithCoreData;
				PRODUCT_NAME = "$(TARGET_NAME)";
				SWIFT_VERSION = 4.0;
				TARGETED_DEVICE_FAMILY = "1,2";
			};
			name = Release;
		};
/* End XCBuildConfiguration section */

/* Begin XCConfigurationList section */
		3299FBEE23A8BAF500BB3F13 /* Build configuration list for PBXProject "TodoWithCoreData" */ = {
			isa = XCConfigurationList;
			buildConfigurations = (
				3299FC0623A8BAF700BB3F13 /* Debug */,
				3299FC0723A8BAF700BB3F13 /* Release */,
			);
			defaultConfigurationIsVisible = 0;
			defaultConfigurationName = Release;
		};
		3299FC0823A8BAF700BB3F13 /* Build configuration list for PBXNativeTarget "TodoWithCoreData" */ = {
			isa = XCConfigurationList;
			buildConfigurations = (
				3299FC0923A8BAF700BB3F13 /* Debug */,
				3299FC0A23A8BAF700BB3F13 /* Release */,
			);
			defaultConfigurationIsVisible = 0;
			defaultConfigurationName = Release;
		};
/* End XCConfigurationList section */

/* Begin XCVersionGroup section */
		3299FBFD23A8BAF600BB3F13 /* TodoWithCoreData.xcdatamodeld */ = {
			isa = XCVersionGroup;
			children = (
				3299FBFE23A8BAF600BB3F13 /* TodoWithCoreData.xcdatamodel */,
			);
			currentVersion = 3299FBFE23A8BAF600BB3F13 /* TodoWithCoreData.xcdatamodel */;
			path = TodoWithCoreData.xcdatamodeld;
			sourceTree = "<group>";
			versionGroupType = wrapper.xcdatamodel;
		};
/* End XCVersionGroup section */
	};
	rootObject = 3299FBEB23A8BAF500BB3F13 /* Project object */;
}
